// !$*UTF8*$!
{
	archiveVersion = 1;
	classes = {
	};
	objectVersion = 50;
	objects = {

/* Begin PBXBuildFile section */
		981DCE9424991D2E003CF077 /* FontExtension.swift in Sources */ = {isa = PBXBuildFile; fileRef = 981DCE9324991D2E003CF077 /* FontExtension.swift */; };
		981DCE9624992016003CF077 /* InspectorView.swift in Sources */ = {isa = PBXBuildFile; fileRef = 981DCE9524992016003CF077 /* InspectorView.swift */; };
		981DCE982499AF43003CF077 /* PassConfiguration.swift in Sources */ = {isa = PBXBuildFile; fileRef = 981DCE972499AF43003CF077 /* PassConfiguration.swift */; };
		984E21932498904D00560E2C /* AppDelegate.swift in Sources */ = {isa = PBXBuildFile; fileRef = 984E21922498904D00560E2C /* AppDelegate.swift */; };
		984E21952498904D00560E2C /* ContentView.swift in Sources */ = {isa = PBXBuildFile; fileRef = 984E21942498904D00560E2C /* ContentView.swift */; };
		984E21972498905000560E2C /* Assets.xcassets in Resources */ = {isa = PBXBuildFile; fileRef = 984E21962498905000560E2C /* Assets.xcassets */; };
		984E219A2498905000560E2C /* Preview Assets.xcassets in Resources */ = {isa = PBXBuildFile; fileRef = 984E21992498905000560E2C /* Preview Assets.xcassets */; };
		984E219D2498905000560E2C /* Main.storyboard in Resources */ = {isa = PBXBuildFile; fileRef = 984E219B2498905000560E2C /* Main.storyboard */; };
		984E21BC2498DD0F00560E2C /* TicketPassView.swift in Sources */ = {isa = PBXBuildFile; fileRef = 984E21BB2498DD0F00560E2C /* TicketPassView.swift */; };
		984E21C02498E9DE00560E2C /* ColorExtension.swift in Sources */ = {isa = PBXBuildFile; fileRef = 984E21BF2498E9DE00560E2C /* ColorExtension.swift */; };
		98BE4F20249A4A4700F44EAB /* LocalizedStrings.swift in Sources */ = {isa = PBXBuildFile; fileRef = 98BE4F1F249A4A4700F44EAB /* LocalizedStrings.swift */; };
		98BE4F23249A6F1A00F44EAB /* EmbeddedColorWell.swift in Sources */ = {isa = PBXBuildFile; fileRef = 98BE4F22249A6F1A00F44EAB /* EmbeddedColorWell.swift */; };
/* End PBXBuildFile section */

/* Begin PBXFileReference section */
		981DCE9324991D2E003CF077 /* FontExtension.swift */ = {isa = PBXFileReference; lastKnownFileType = sourcecode.swift; path = FontExtension.swift; sourceTree = "<group>"; };
		981DCE9524992016003CF077 /* InspectorView.swift */ = {isa = PBXFileReference; lastKnownFileType = sourcecode.swift; path = InspectorView.swift; sourceTree = "<group>"; };
		981DCE972499AF43003CF077 /* PassConfiguration.swift */ = {isa = PBXFileReference; lastKnownFileType = sourcecode.swift; path = PassConfiguration.swift; sourceTree = "<group>"; };
		984E218F2498904D00560E2C /* WWDC Pass Generator.app */ = {isa = PBXFileReference; explicitFileType = wrapper.application; includeInIndex = 0; path = "WWDC Pass Generator.app"; sourceTree = BUILT_PRODUCTS_DIR; };
		984E21922498904D00560E2C /* AppDelegate.swift */ = {isa = PBXFileReference; lastKnownFileType = sourcecode.swift; path = AppDelegate.swift; sourceTree = "<group>"; };
		984E21942498904D00560E2C /* ContentView.swift */ = {isa = PBXFileReference; lastKnownFileType = sourcecode.swift; path = ContentView.swift; sourceTree = "<group>"; };
		984E21962498905000560E2C /* Assets.xcassets */ = {isa = PBXFileReference; lastKnownFileType = folder.assetcatalog; path = Assets.xcassets; sourceTree = "<group>"; };
		984E21992498905000560E2C /* Preview Assets.xcassets */ = {isa = PBXFileReference; lastKnownFileType = folder.assetcatalog; path = "Preview Assets.xcassets"; sourceTree = "<group>"; };
		984E219C2498905000560E2C /* Base */ = {isa = PBXFileReference; lastKnownFileType = file.storyboard; name = Base; path = Base.lproj/Main.storyboard; sourceTree = "<group>"; };
		984E219E2498905000560E2C /* Info.plist */ = {isa = PBXFileReference; lastKnownFileType = text.plist.xml; path = Info.plist; sourceTree = "<group>"; };
		984E21BB2498DD0F00560E2C /* TicketPassView.swift */ = {isa = PBXFileReference; lastKnownFileType = sourcecode.swift; path = TicketPassView.swift; sourceTree = "<group>"; };
		984E21BF2498E9DE00560E2C /* ColorExtension.swift */ = {isa = PBXFileReference; lastKnownFileType = sourcecode.swift; path = ColorExtension.swift; sourceTree = "<group>"; };
		98BE4F1F249A4A4700F44EAB /* LocalizedStrings.swift */ = {isa = PBXFileReference; lastKnownFileType = sourcecode.swift; path = LocalizedStrings.swift; sourceTree = "<group>"; };
		98BE4F22249A6F1A00F44EAB /* EmbeddedColorWell.swift */ = {isa = PBXFileReference; lastKnownFileType = sourcecode.swift; path = EmbeddedColorWell.swift; sourceTree = "<group>"; };
/* End PBXFileReference section */

/* Begin PBXFrameworksBuildPhase section */
		984E218C2498904D00560E2C /* Frameworks */ = {
			isa = PBXFrameworksBuildPhase;
			buildActionMask = 2147483647;
			files = (
			);
			runOnlyForDeploymentPostprocessing = 0;
		};
/* End PBXFrameworksBuildPhase section */

/* Begin PBXGroup section */
		984E21862498904D00560E2C = {
			isa = PBXGroup;
			children = (
				984E21912498904D00560E2C /* WWDC Pass Generator */,
				984E21902498904D00560E2C /* Products */,
			);
			sourceTree = "<group>";
		};
		984E21902498904D00560E2C /* Products */ = {
			isa = PBXGroup;
			children = (
				984E218F2498904D00560E2C /* WWDC Pass Generator.app */,
			);
			name = Products;
			sourceTree = "<group>";
		};
		984E21912498904D00560E2C /* WWDC Pass Generator */ = {
			isa = PBXGroup;
			children = (
				981DCE972499AF43003CF077 /* PassConfiguration.swift */,
				98BE4F1F249A4A4700F44EAB /* LocalizedStrings.swift */,
				98BE4F21249A543300F44EAB /* Views */,
				984E21922498904D00560E2C /* AppDelegate.swift */,
				984E21BD2498E9C500560E2C /* Extensions */,
				984E21BA2498D57A00560E2C /* Support Files */,
				984E21982498905000560E2C /* Preview Content */,
			);
			path = "WWDC Pass Generator";
			sourceTree = "<group>";
		};
		984E21982498905000560E2C /* Preview Content */ = {
			isa = PBXGroup;
			children = (
				984E21992498905000560E2C /* Preview Assets.xcassets */,
			);
			path = "Preview Content";
			sourceTree = "<group>";
		};
		984E21BA2498D57A00560E2C /* Support Files */ = {
			isa = PBXGroup;
			children = (
				984E21962498905000560E2C /* Assets.xcassets */,
				984E219B2498905000560E2C /* Main.storyboard */,
				984E219E2498905000560E2C /* Info.plist */,
			);
			name = "Support Files";
			sourceTree = "<group>";
		};
		984E21BD2498E9C500560E2C /* Extensions */ = {
			isa = PBXGroup;
			children = (
				984E21BF2498E9DE00560E2C /* ColorExtension.swift */,
				981DCE9324991D2E003CF077 /* FontExtension.swift */,
			);
			name = Extensions;
			sourceTree = "<group>";
		};
		98BE4F21249A543300F44EAB /* Views */ = {
			isa = PBXGroup;
			children = (
				984E21942498904D00560E2C /* ContentView.swift */,
				984E21BB2498DD0F00560E2C /* TicketPassView.swift */,
				981DCE9524992016003CF077 /* InspectorView.swift */,
				98BE4F22249A6F1A00F44EAB /* EmbeddedColorWell.swift */,
			);
			name = Views;
			sourceTree = "<group>";
		};
/* End PBXGroup section */

/* Begin PBXNativeTarget section */
		984E218E2498904D00560E2C /* WWDC Pass Generator */ = {
			isa = PBXNativeTarget;
			buildConfigurationList = 984E21A22498905000560E2C /* Build configuration list for PBXNativeTarget "WWDC Pass Generator" */;
			buildPhases = (
				984E218B2498904D00560E2C /* Sources */,
				984E218C2498904D00560E2C /* Frameworks */,
				984E218D2498904D00560E2C /* Resources */,
			);
			buildRules = (
			);
			dependencies = (
			);
			name = "WWDC Pass Generator";
			productName = "WWDC Pass Generator";
			productReference = 984E218F2498904D00560E2C /* WWDC Pass Generator.app */;
			productType = "com.apple.product-type.application";
		};
/* End PBXNativeTarget section */

/* Begin PBXProject section */
		984E21872498904D00560E2C /* Project object */ = {
			isa = PBXProject;
			attributes = {
				LastSwiftUpdateCheck = 1110;
				LastUpgradeCheck = 1110;
				ORGANIZATIONNAME = Jovi;
				TargetAttributes = {
					984E218E2498904D00560E2C = {
						CreatedOnToolsVersion = 11.1;
					};
				};
			};
			buildConfigurationList = 984E218A2498904D00560E2C /* Build configuration list for PBXProject "WWDC Pass Generator" */;
			compatibilityVersion = "Xcode 9.3";
			developmentRegion = en;
			hasScannedForEncodings = 0;
			knownRegions = (
				en,
				Base,
			);
			mainGroup = 984E21862498904D00560E2C;
			productRefGroup = 984E21902498904D00560E2C /* Products */;
			projectDirPath = "";
			projectRoot = "";
			targets = (
				984E218E2498904D00560E2C /* WWDC Pass Generator */,
			);
		};
/* End PBXProject section */

/* Begin PBXResourcesBuildPhase section */
		984E218D2498904D00560E2C /* Resources */ = {
			isa = PBXResourcesBuildPhase;
			buildActionMask = 2147483647;
			files = (
				984E219D2498905000560E2C /* Main.storyboard in Resources */,
				984E219A2498905000560E2C /* Preview Assets.xcassets in Resources */,
				984E21972498905000560E2C /* Assets.xcassets in Resources */,
			);
			runOnlyForDeploymentPostprocessing = 0;
		};
/* End PBXResourcesBuildPhase section */

/* Begin PBXSourcesBuildPhase section */
		984E218B2498904D00560E2C /* Sources */ = {
			isa = PBXSourcesBuildPhase;
			buildActionMask = 2147483647;
			files = (
				981DCE9624992016003CF077 /* InspectorView.swift in Sources */,
				981DCE9424991D2E003CF077 /* FontExtension.swift in Sources */,
				98BE4F20249A4A4700F44EAB /* LocalizedStrings.swift in Sources */,
				984E21952498904D00560E2C /* ContentView.swift in Sources */,
				981DCE982499AF43003CF077 /* PassConfiguration.swift in Sources */,
				984E21932498904D00560E2C /* AppDelegate.swift in Sources */,
				984E21BC2498DD0F00560E2C /* TicketPassView.swift in Sources */,
				98BE4F23249A6F1A00F44EAB /* EmbeddedColorWell.swift in Sources */,
				984E21C02498E9DE00560E2C /* ColorExtension.swift in Sources */,
			);
			runOnlyForDeploymentPostprocessing = 0;
		};
/* End PBXSourcesBuildPhase section */

/* Begin PBXVariantGroup section */
		984E219B2498905000560E2C /* Main.storyboard */ = {
			isa = PBXVariantGroup;
			children = (
				984E219C2498905000560E2C /* Base */,
			);
			name = Main.storyboard;
			sourceTree = "<group>";
		};
/* End PBXVariantGroup section */

/* Begin XCBuildConfiguration section */
		984E21A02498905000560E2C /* Debug */ = {
			isa = XCBuildConfiguration;
			buildSettings = {
				ALWAYS_SEARCH_USER_PATHS = NO;
				CLANG_ANALYZER_NONNULL = YES;
				CLANG_ANALYZER_NUMBER_OBJECT_CONVERSION = YES_AGGRESSIVE;
				CLANG_CXX_LANGUAGE_STANDARD = "gnu++14";
				CLANG_CXX_LIBRARY = "libc++";
				CLANG_ENABLE_MODULES = YES;
				CLANG_ENABLE_OBJC_ARC = YES;
				CLANG_ENABLE_OBJC_WEAK = YES;
				CLANG_WARN_BLOCK_CAPTURE_AUTORELEASING = YES;
				CLANG_WARN_BOOL_CONVERSION = YES;
				CLANG_WARN_COMMA = YES;
				CLANG_WARN_CONSTANT_CONVERSION = YES;
				CLANG_WARN_DEPRECATED_OBJC_IMPLEMENTATIONS = YES;
				CLANG_WARN_DIRECT_OBJC_ISA_USAGE = YES_ERROR;
				CLANG_WARN_DOCUMENTATION_COMMENTS = YES;
				CLANG_WARN_EMPTY_BODY = YES;
				CLANG_WARN_ENUM_CONVERSION = YES;
				CLANG_WARN_INFINITE_RECURSION = YES;
				CLANG_WARN_INT_CONVERSION = YES;
				CLANG_WARN_NON_LITERAL_NULL_CONVERSION = YES;
				CLANG_WARN_OBJC_IMPLICIT_RETAIN_SELF = YES;
				CLANG_WARN_OBJC_LITERAL_CONVERSION = YES;
				CLANG_WARN_OBJC_ROOT_CLASS = YES_ERROR;
				CLANG_WARN_RANGE_LOOP_ANALYSIS = YES;
				CLANG_WARN_STRICT_PROTOTYPES = YES;
				CLANG_WARN_SUSPICIOUS_MOVE = YES;
				CLANG_WARN_UNGUARDED_AVAILABILITY = YES_AGGRESSIVE;
				CLANG_WARN_UNREACHABLE_CODE = YES;
				CLANG_WARN__DUPLICATE_METHOD_MATCH = YES;
				COPY_PHASE_STRIP = NO;
				DEBUG_INFORMATION_FORMAT = dwarf;
				ENABLE_STRICT_OBJC_MSGSEND = YES;
				ENABLE_TESTABILITY = YES;
				GCC_C_LANGUAGE_STANDARD = gnu11;
				GCC_DYNAMIC_NO_PIC = NO;
				GCC_NO_COMMON_BLOCKS = YES;
				GCC_OPTIMIZATION_LEVEL = 0;
				GCC_PREPROCESSOR_DEFINITIONS = (
					"DEBUG=1",
					"$(inherited)",
				);
				GCC_WARN_64_TO_32_BIT_CONVERSION = YES;
				GCC_WARN_ABOUT_RETURN_TYPE = YES_ERROR;
				GCC_WARN_UNDECLARED_SELECTOR = YES;
				GCC_WARN_UNINITIALIZED_AUTOS = YES_AGGRESSIVE;
				GCC_WARN_UNUSED_FUNCTION = YES;
				GCC_WARN_UNUSED_VARIABLE = YES;
				MACOSX_DEPLOYMENT_TARGET = 10.15;
				MTL_ENABLE_DEBUG_INFO = INCLUDE_SOURCE;
				MTL_FAST_MATH = YES;
				ONLY_ACTIVE_ARCH = YES;
				SDKROOT = macosx;
				SWIFT_ACTIVE_COMPILATION_CONDITIONS = DEBUG;
				SWIFT_OPTIMIZATION_LEVEL = "-Onone";
			};
			name = Debug;
		};
		984E21A12498905000560E2C /* Release */ = {
			isa = XCBuildConfiguration;
			buildSettings = {
				ALWAYS_SEARCH_USER_PATHS = NO;
				CLANG_ANALYZER_NONNULL = YES;
				CLANG_ANALYZER_NUMBER_OBJECT_CONVERSION = YES_AGGRESSIVE;
				CLANG_CXX_LANGUAGE_STANDARD = "gnu++14";
				CLANG_CXX_LIBRARY = "libc++";
				CLANG_ENABLE_MODULES = YES;
				CLANG_ENABLE_OBJC_ARC = YES;
				CLANG_ENABLE_OBJC_WEAK = YES;
				CLANG_WARN_BLOCK_CAPTURE_AUTORELEASING = YES;
				CLANG_WARN_BOOL_CONVERSION = YES;
				CLANG_WARN_COMMA = YES;
				CLANG_WARN_CONSTANT_CONVERSION = YES;
				CLANG_WARN_DEPRECATED_OBJC_IMPLEMENTATIONS = YES;
				CLANG_WARN_DIRECT_OBJC_ISA_USAGE = YES_ERROR;
				CLANG_WARN_DOCUMENTATION_COMMENTS = YES;
				CLANG_WARN_EMPTY_BODY = YES;
				CLANG_WARN_ENUM_CONVERSION = YES;
				CLANG_WARN_INFINITE_RECURSION = YES;
				CLANG_WARN_INT_CONVERSION = YES;
				CLANG_WARN_NON_LITERAL_NULL_CONVERSION = YES;
				CLANG_WARN_OBJC_IMPLICIT_RETAIN_SELF = YES;
				CLANG_WARN_OBJC_LITERAL_CONVERSION = YES;
				CLANG_WARN_OBJC_ROOT_CLASS = YES_ERROR;
				CLANG_WARN_RANGE_LOOP_ANALYSIS = YES;
				CLANG_WARN_STRICT_PROTOTYPES = YES;
				CLANG_WARN_SUSPICIOUS_MOVE = YES;
				CLANG_WARN_UNGUARDED_AVAILABILITY = YES_AGGRESSIVE;
				CLANG_WARN_UNREACHABLE_CODE = YES;
				CLANG_WARN__DUPLICATE_METHOD_MATCH = YES;
				COPY_PHASE_STRIP = NO;
				DEBUG_INFORMATION_FORMAT = "dwarf-with-dsym";
				ENABLE_NS_ASSERTIONS = NO;
				ENABLE_STRICT_OBJC_MSGSEND = YES;
				GCC_C_LANGUAGE_STANDARD = gnu11;
				GCC_NO_COMMON_BLOCKS = YES;
				GCC_WARN_64_TO_32_BIT_CONVERSION = YES;
				GCC_WARN_ABOUT_RETURN_TYPE = YES_ERROR;
				GCC_WARN_UNDECLARED_SELECTOR = YES;
				GCC_WARN_UNINITIALIZED_AUTOS = YES_AGGRESSIVE;
				GCC_WARN_UNUSED_FUNCTION = YES;
				GCC_WARN_UNUSED_VARIABLE = YES;
				MACOSX_DEPLOYMENT_TARGET = 10.15;
				MTL_ENABLE_DEBUG_INFO = NO;
				MTL_FAST_MATH = YES;
				SDKROOT = macosx;
				SWIFT_COMPILATION_MODE = wholemodule;
				SWIFT_OPTIMIZATION_LEVEL = "-O";
			};
			name = Release;
		};
		984E21A32498905000560E2C /* Debug */ = {
			isa = XCBuildConfiguration;
			buildSettings = {
				ASSETCATALOG_COMPILER_APPICON_NAME = AppIcon;
				CODE_SIGN_ENTITLEMENTS = "WWDC Pass Generator/WWDC_Pass_Generator.entitlements";
				CODE_SIGN_STYLE = Automatic;
				COMBINE_HIDPI_IMAGES = YES;
				DEVELOPMENT_ASSET_PATHS = "\"WWDC Pass Generator/Preview Content\"";
				DEVELOPMENT_TEAM = 9P895LY647;
				ENABLE_HARDENED_RUNTIME = NO;
				ENABLE_PREVIEWS = YES;
				INFOPLIST_FILE = "WWDC Pass Generator/Info.plist";
				LD_RUNPATH_SEARCH_PATHS = (
					"$(inherited)",
					"@executable_path/../Frameworks",
				);
				MACOSX_DEPLOYMENT_TARGET = 10.15;
				PRODUCT_BUNDLE_IDENTIFIER = "com.HyperartFlow.WWDC-Pass-Generator";
				PRODUCT_NAME = "$(TARGET_NAME)";
				SWIFT_VERSION = 5.0;
			};
			name = Debug;
		};
		984E21A42498905000560E2C /* Release */ = {
			isa = XCBuildConfiguration;
			buildSettings = {
				ASSETCATALOG_COMPILER_APPICON_NAME = AppIcon;
				CODE_SIGN_ENTITLEMENTS = "WWDC Pass Generator/WWDC_Pass_Generator.entitlements";
				CODE_SIGN_STYLE = Automatic;
				COMBINE_HIDPI_IMAGES = YES;
				DEVELOPMENT_ASSET_PATHS = "\"WWDC Pass Generator/Preview Content\"";
				DEVELOPMENT_TEAM = 9P895LY647;
				ENABLE_HARDENED_RUNTIME = NO;
				ENABLE_PREVIEWS = YES;
				INFOPLIST_FILE = "WWDC Pass Generator/Info.plist";
				LD_RUNPATH_SEARCH_PATHS = (
					"$(inherited)",
					"@executable_path/../Frameworks",
				);
				MACOSX_DEPLOYMENT_TARGET = 10.15;
				PRODUCT_BUNDLE_IDENTIFIER = "com.HyperartFlow.WWDC-Pass-Generator";
				PRODUCT_NAME = "$(TARGET_NAME)";
				SWIFT_VERSION = 5.0;
			};
			name = Release;
		};
/* End XCBuildConfiguration section */

/* Begin XCConfigurationList section */
		984E218A2498904D00560E2C /* Build configuration list for PBXProject "WWDC Pass Generator" */ = {
			isa = XCConfigurationList;
			buildConfigurations = (
				984E21A02498905000560E2C /* Debug */,
				984E21A12498905000560E2C /* Release */,
			);
			defaultConfigurationIsVisible = 0;
			defaultConfigurationName = Release;
		};
		984E21A22498905000560E2C /* Build configuration list for PBXNativeTarget "WWDC Pass Generator" */ = {
			isa = XCConfigurationList;
			buildConfigurations = (
				984E21A32498905000560E2C /* Debug */,
				984E21A42498905000560E2C /* Release */,
			);
			defaultConfigurationIsVisible = 0;
			defaultConfigurationName = Release;
		};
/* End XCConfigurationList section */
	};
	rootObject = 984E21872498904D00560E2C /* Project object */;
}
